
Microsoft Visual Studio Solution File, Format Version 12.00
# Visual Studio Version 17
VisualStudioVersion = 17.14.37328.6
MinimumVisualStudioVersion = 10.0.40219.1
Project("{FAE04EC0-301F-11D3-BF4B-00C04F79EFBC}") = "ClassLibraryExample1", "ClassLibraryExample1\ClassLibraryExample1.csproj", "{937B9A88-3E0B-4366-BA70-606471AFF245}"
EndProject
Project("{FAE04EC0-301F-11D3-BF4B-00C04F79EFBC}") = "Interface", "Server1\Interface.csproj", "{3AD55C2A-626F-4C0D-B335-AE2BEF8BC77C}"
EndProject
Project("{FAE04EC0-301F-11D3-BF4B-00C04F79EFBC}") = "Server2", "Server2\Server2.csproj", "{61FCB91F-DD75-4501-BD3E-72BAEBA600C5}"
EndProject
Project("{FAE04EC0-301F-11D3-BF4B-00C04F79EFBC}") = "Client", "Client\Client.csproj", "{AF2E5FB9-FD7E-4F8C-B326-B534B2002CC2}"
EndProject
Project("{FAE04EC0-301F-11D3-BF4B-00C04F79EFBC}") = "BusinessTier", "BusinessTier\BusinessTier.csproj", "{4B10A387-9EDB-4547-B595-E7B014BA1DBE}"
EndProject
Project("{FAE04EC0-301F-11D3-BF4B-00C04F79EFBC}") = "AsyncClient", "AsyncClient\AsyncClient.csproj", "{F66B9451-57BE-4DBB-9C49-E10E0E53E000}"
EndProject
Global
	GlobalSection(SolutionConfigurationPlatforms) = preSolution
		Debug|Any CPU = Debug|Any CPU
		Release|Any CPU = Release|Any CPU
	EndGlobalSection
	GlobalSection(ProjectConfigurationPlatforms) = postSolution
		{937B9A88-3E0B-4366-BA70-606471AFF245}.Debug|Any CPU.ActiveCfg = Debug|Any CPU
		{937B9A88-3E0B-4366-BA70-606471AFF245}.Debug|Any CPU.Build.0 = Debug|Any CPU
		{937B9A88-3E0B-4366-BA70-606471AFF245}.Release|Any CPU.ActiveCfg = Release|Any CPU
		{937B9A88-3E0B-4366-BA70-606471AFF245}.Release|Any CPU.Build.0 = Release|Any CPU
		{3AD55C2A-626F-4C0D-B335-AE2BEF8BC77C}.Debug|Any CPU.ActiveCfg = Debug|Any CPU
		{3AD55C2A-626F-4C0D-B335-AE2BEF8BC77C}.Debug|Any CPU.Build.0 = Debug|Any CPU
		{3AD55C2A-626F-4C0D-B335-AE2BEF8BC77C}.Release|Any CPU.ActiveCfg = Release|Any CPU
		{3AD55C2A-626F-4C0D-B335-AE2BEF8BC77C}.Release|Any CPU.Build.0 = Release|Any CPU
		{61FCB91F-DD75-4501-BD3E-72BAEBA600C5}.Debug|Any CPU.ActiveCfg = Debug|Any CPU
		{61FCB91F-DD75-4501-BD3E-72BAEBA600C5}.Debug|Any CPU.Build.0 = Debug|Any CPU
		{61FCB91F-DD75-4501-BD3E-72BAEBA600C5}.Release|Any CPU.ActiveCfg = Release|Any CPU
		{61FCB91F-DD75-4501-BD3E-72BAEBA600C5}.Release|Any CPU.Build.0 = Release|Any CPU
		{AF2E5FB9-FD7E-4F8C-B326-B534B2002CC2}.Debug|Any CPU.ActiveCfg = Debug|Any CPU
		{AF2E5FB9-FD7E-4F8C-B326-B534B2002CC2}.Debug|Any CPU.Build.0 = Debug|Any CPU
		{AF2E5FB9-FD7E-4F8C-B326-B534B2002CC2}.Release|Any CPU.ActiveCfg = Release|Any CPU
		{AF2E5FB9-FD7E-4F8C-B326-B534B2002CC2}.Release|Any CPU.Build.0 = Release|Any CPU
		{4B10A387-9EDB-4547-B595-E7B014BA1DBE}.Debug|Any CPU.ActiveCfg = Debug|Any CPU
		{4B10A387-9EDB-4547-B595-E7B014BA1DBE}.Debug|Any CPU.Build.0 = Debug|Any CPU
		{4B10A387-9EDB-4547-B595-E7B014BA1DBE}.Release|Any CPU.ActiveCfg = Release|Any CPU
		{4B10A387-9EDB-4547-B595-E7B014BA1DBE}.Release|Any CPU.Build.0 = Release|Any CPU
		{F66B9451-57BE-4DBB-9C49-E10E0E53E000}.Debug|Any CPU.ActiveCfg = Debug|Any CPU
		{F66B9451-57BE-4DBB-9C49-E10E0E53E000}.Debug|Any CPU.Build.0 = Debug|Any CPU
		{F66B9451-57BE-4DBB-9C49-E10E0E53E000}.Release|Any CPU.ActiveCfg = Release|Any CPU
		{F66B9451-57BE-4DBB-9C49-E10E0E53E000}.Release|Any CPU.Build.0 = Release|Any CPU
	EndGlobalSection
	GlobalSection(SolutionProperties) = preSolution
		HideSolutionNode = FALSE
	EndGlobalSection
	GlobalSection(ExtensibilityGlobals) = postSolution
		SolutionGuid = {A13CB22B-5DCD-4200-9BCA-35C1ED16DAFC}
	EndGlobalSection
EndGlobal
